// !$*UTF8*$!
{
	archiveVersion = 1;
	classes = {
	};
	objectVersion = 50;
	objects = {

/* Begin PBXBuildFile section */
		A9DEFE8A2309951400F82CCF /* AppDelegate.swift in Sources */ = {isa = PBXBuildFile; fileRef = A9DEFE892309951400F82CCF /* AppDelegate.swift */; };
		A9DEFE8F2309951400F82CCF /* Main.storyboard in Resources */ = {isa = PBXBuildFile; fileRef = A9DEFE8D2309951400F82CCF /* Main.storyboard */; };
		A9DEFE912309951600F82CCF /* Assets.xcassets in Resources */ = {isa = PBXBuildFile; fileRef = A9DEFE902309951600F82CCF /* Assets.xcassets */; };
		A9DEFE942309951600F82CCF /* LaunchScreen.storyboard in Resources */ = {isa = PBXBuildFile; fileRef = A9DEFE922309951600F82CCF /* LaunchScreen.storyboard */; };
		A9DEFEDC2309A13B00F82CCF /* QuizPresenter.swift in Sources */ = {isa = PBXBuildFile; fileRef = A9DEFED62309A13B00F82CCF /* QuizPresenter.swift */; };
		A9DEFEDD2309A13B00F82CCF /* QuizWorker.swift in Sources */ = {isa = PBXBuildFile; fileRef = A9DEFED72309A13B00F82CCF /* QuizWorker.swift */; };
		A9DEFEDE2309A13B00F82CCF /* QuizRouter.swift in Sources */ = {isa = PBXBuildFile; fileRef = A9DEFED82309A13B00F82CCF /* QuizRouter.swift */; };
		A9DEFEDF2309A13B00F82CCF /* QuizModels.swift in Sources */ = {isa = PBXBuildFile; fileRef = A9DEFED92309A13B00F82CCF /* QuizModels.swift */; };
		A9DEFEE02309A13B00F82CCF /* QuizViewController.swift in Sources */ = {isa = PBXBuildFile; fileRef = A9DEFEDA2309A13B00F82CCF /* QuizViewController.swift */; };
		A9DEFEE12309A13B00F82CCF /* QuizInteractor.swift in Sources */ = {isa = PBXBuildFile; fileRef = A9DEFEDB2309A13B00F82CCF /* QuizInteractor.swift */; };
		A9DEFEEB2309B0EC00F82CCF /* QuizView.swift in Sources */ = {isa = PBXBuildFile; fileRef = A9DEFEEA2309B0EC00F82CCF /* QuizView.swift */; };
		A9DEFEED2309B1BD00F82CCF /* QuestionView.swift in Sources */ = {isa = PBXBuildFile; fileRef = A9DEFEEC2309B1BD00F82CCF /* QuestionView.swift */; };
		A9DEFEEF2309B6F600F82CCF /* AnswerView.swift in Sources */ = {isa = PBXBuildFile; fileRef = A9DEFEEE2309B6F600F82CCF /* AnswerView.swift */; };
		A9DEFEF12309B83C00F82CCF /* ProgressDisplayView.swift in Sources */ = {isa = PBXBuildFile; fileRef = A9DEFEF02309B83C00F82CCF /* ProgressDisplayView.swift */; };
/* End PBXBuildFile section */

/* Begin PBXContainerItemProxy section */
		A9DEFE9B2309951600F82CCF /* PBXContainerItemProxy */ = {
			isa = PBXContainerItemProxy;
			containerPortal = A9DEFE7E2309951300F82CCF /* Project object */;
			proxyType = 1;
			remoteGlobalIDString = A9DEFE852309951300F82CCF;
			remoteInfo = "Java Simple Quiz";
		};
		A9DEFEA62309951600F82CCF /* PBXContainerItemProxy */ = {
			isa = PBXContainerItemProxy;
			containerPortal = A9DEFE7E2309951300F82CCF /* Project object */;
			proxyType = 1;
			remoteGlobalIDString = A9DEFE852309951300F82CCF;
			remoteInfo = "Java Simple Quiz";
		};
/* End PBXContainerItemProxy section */

/* Begin PBXFileReference section */
		A9DEFE862309951400F82CCF /* JavaSimpleQuiz.app */ = {isa = PBXFileReference; explicitFileType = wrapper.application; includeInIndex = 0; path = JavaSimpleQuiz.app; sourceTree = BUILT_PRODUCTS_DIR; };
		A9DEFE892309951400F82CCF /* AppDelegate.swift */ = {isa = PBXFileReference; lastKnownFileType = sourcecode.swift; path = AppDelegate.swift; sourceTree = "<group>"; };
		A9DEFE8E2309951400F82CCF /* Base */ = {isa = PBXFileReference; lastKnownFileType = file.storyboard; name = Base; path = Base.lproj/Main.storyboard; sourceTree = "<group>"; };
		A9DEFE902309951600F82CCF /* Assets.xcassets */ = {isa = PBXFileReference; lastKnownFileType = folder.assetcatalog; path = Assets.xcassets; sourceTree = "<group>"; };
		A9DEFE932309951600F82CCF /* Base */ = {isa = PBXFileReference; lastKnownFileType = file.storyboard; name = Base; path = Base.lproj/LaunchScreen.storyboard; sourceTree = "<group>"; };
		A9DEFE952309951600F82CCF /* Info.plist */ = {isa = PBXFileReference; lastKnownFileType = text.plist.xml; path = Info.plist; sourceTree = "<group>"; };
		A9DEFE9A2309951600F82CCF /* JavaSimpleQuizTests.xctest */ = {isa = PBXFileReference; explicitFileType = wrapper.cfbundle; includeInIndex = 0; path = JavaSimpleQuizTests.xctest; sourceTree = BUILT_PRODUCTS_DIR; };
		A9DEFEA02309951600F82CCF /* Info.plist */ = {isa = PBXFileReference; lastKnownFileType = text.plist.xml; path = Info.plist; sourceTree = "<group>"; };
		A9DEFEA52309951600F82CCF /* JavaSimpleQuizUITests.xctest */ = {isa = PBXFileReference; explicitFileType = wrapper.cfbundle; includeInIndex = 0; path = JavaSimpleQuizUITests.xctest; sourceTree = BUILT_PRODUCTS_DIR; };
		A9DEFEAB2309951600F82CCF /* Info.plist */ = {isa = PBXFileReference; lastKnownFileType = text.plist.xml; path = Info.plist; sourceTree = "<group>"; };
		A9DEFED62309A13B00F82CCF /* QuizPresenter.swift */ = {isa = PBXFileReference; lastKnownFileType = sourcecode.swift; path = QuizPresenter.swift; sourceTree = "<group>"; };
		A9DEFED72309A13B00F82CCF /* QuizWorker.swift */ = {isa = PBXFileReference; lastKnownFileType = sourcecode.swift; path = QuizWorker.swift; sourceTree = "<group>"; };
		A9DEFED82309A13B00F82CCF /* QuizRouter.swift */ = {isa = PBXFileReference; lastKnownFileType = sourcecode.swift; path = QuizRouter.swift; sourceTree = "<group>"; };
		A9DEFED92309A13B00F82CCF /* QuizModels.swift */ = {isa = PBXFileReference; lastKnownFileType = sourcecode.swift; path = QuizModels.swift; sourceTree = "<group>"; };
		A9DEFEDA2309A13B00F82CCF /* QuizViewController.swift */ = {isa = PBXFileReference; lastKnownFileType = sourcecode.swift; path = QuizViewController.swift; sourceTree = "<group>"; };
		A9DEFEDB2309A13B00F82CCF /* QuizInteractor.swift */ = {isa = PBXFileReference; lastKnownFileType = sourcecode.swift; path = QuizInteractor.swift; sourceTree = "<group>"; };
		A9DEFEEA2309B0EC00F82CCF /* QuizView.swift */ = {isa = PBXFileReference; lastKnownFileType = sourcecode.swift; path = QuizView.swift; sourceTree = "<group>"; };
		A9DEFEEC2309B1BD00F82CCF /* QuestionView.swift */ = {isa = PBXFileReference; lastKnownFileType = sourcecode.swift; path = QuestionView.swift; sourceTree = "<group>"; };
		A9DEFEEE2309B6F600F82CCF /* AnswerView.swift */ = {isa = PBXFileReference; lastKnownFileType = sourcecode.swift; path = AnswerView.swift; sourceTree = "<group>"; };
		A9DEFEF02309B83C00F82CCF /* ProgressDisplayView.swift */ = {isa = PBXFileReference; lastKnownFileType = sourcecode.swift; path = ProgressDisplayView.swift; sourceTree = "<group>"; };
/* End PBXFileReference section */

/* Begin PBXFrameworksBuildPhase section */
		A9DEFE832309951300F82CCF /* Frameworks */ = {
			isa = PBXFrameworksBuildPhase;
			buildActionMask = 2147483647;
			files = (
			);
			runOnlyForDeploymentPostprocessing = 0;
		};
		A9DEFE972309951600F82CCF /* Frameworks */ = {
			isa = PBXFrameworksBuildPhase;
			buildActionMask = 2147483647;
			files = (
			);
			runOnlyForDeploymentPostprocessing = 0;
		};
		A9DEFEA22309951600F82CCF /* Frameworks */ = {
			isa = PBXFrameworksBuildPhase;
			buildActionMask = 2147483647;
			files = (
			);
			runOnlyForDeploymentPostprocessing = 0;
		};
/* End PBXFrameworksBuildPhase section */

/* Begin PBXGroup section */
		A9DEFE7D2309951300F82CCF = {
			isa = PBXGroup;
			children = (
				A9DEFE882309951400F82CCF /* JavaSimpleQuiz */,
				A9DEFE9D2309951600F82CCF /* JavaSimpleQuizTests */,
				A9DEFEA82309951600F82CCF /* JavaSimpleQuizUITests */,
				A9DEFE872309951400F82CCF /* Products */,
			);
			sourceTree = "<group>";
		};
		A9DEFE872309951400F82CCF /* Products */ = {
			isa = PBXGroup;
			children = (
				A9DEFE862309951400F82CCF /* JavaSimpleQuiz.app */,
				A9DEFE9A2309951600F82CCF /* JavaSimpleQuizTests.xctest */,
				A9DEFEA52309951600F82CCF /* JavaSimpleQuizUITests.xctest */,
			);
			name = Products;
			sourceTree = "<group>";
		};
		A9DEFE882309951400F82CCF /* JavaSimpleQuiz */ = {
			isa = PBXGroup;
			children = (
				A9DEFED42309A12000F82CCF /* Scenes */,
				A9DEFE892309951400F82CCF /* AppDelegate.swift */,
				A9DEFE8D2309951400F82CCF /* Main.storyboard */,
				A9DEFE902309951600F82CCF /* Assets.xcassets */,
				A9DEFE922309951600F82CCF /* LaunchScreen.storyboard */,
				A9DEFE952309951600F82CCF /* Info.plist */,
			);
			path = JavaSimpleQuiz;
			sourceTree = "<group>";
		};
		A9DEFE9D2309951600F82CCF /* JavaSimpleQuizTests */ = {
			isa = PBXGroup;
			children = (
				A9DEFEA02309951600F82CCF /* Info.plist */,
			);
			path = JavaSimpleQuizTests;
			sourceTree = "<group>";
		};
		A9DEFEA82309951600F82CCF /* JavaSimpleQuizUITests */ = {
			isa = PBXGroup;
			children = (
				A9DEFEAB2309951600F82CCF /* Info.plist */,
			);
			path = JavaSimpleQuizUITests;
			sourceTree = "<group>";
		};
		A9DEFED42309A12000F82CCF /* Scenes */ = {
			isa = PBXGroup;
			children = (
				A9DEFED52309A12900F82CCF /* Quiz */,
			);
			path = Scenes;
			sourceTree = "<group>";
		};
		A9DEFED52309A12900F82CCF /* Quiz */ = {
			isa = PBXGroup;
			children = (
				A9DEFEE92309B0DB00F82CCF /* Components */,
				A9DEFED62309A13B00F82CCF /* QuizPresenter.swift */,
				A9DEFED72309A13B00F82CCF /* QuizWorker.swift */,
				A9DEFED82309A13B00F82CCF /* QuizRouter.swift */,
				A9DEFED92309A13B00F82CCF /* QuizModels.swift */,
				A9DEFEDA2309A13B00F82CCF /* QuizViewController.swift */,
				A9DEFEDB2309A13B00F82CCF /* QuizInteractor.swift */,
				A9DEFEEA2309B0EC00F82CCF /* QuizView.swift */,
			);
			path = Quiz;
			sourceTree = "<group>";
		};
		A9DEFEE92309B0DB00F82CCF /* Components */ = {
			isa = PBXGroup;
			children = (
				A9DEFEEC2309B1BD00F82CCF /* QuestionView.swift */,
				A9DEFEEE2309B6F600F82CCF /* AnswerView.swift */,
				A9DEFEF02309B83C00F82CCF /* ProgressDisplayView.swift */,
			);
			path = Components;
			sourceTree = "<group>";
		};
/* End PBXGroup section */

/* Begin PBXNativeTarget section */
		A9DEFE852309951300F82CCF /* JavaSimpleQuiz */ = {
			isa = PBXNativeTarget;
			buildConfigurationList = A9DEFEAE2309951600F82CCF /* Build configuration list for PBXNativeTarget "JavaSimpleQuiz" */;
			buildPhases = (
				A9DEFE822309951300F82CCF /* Sources */,
				A9DEFE832309951300F82CCF /* Frameworks */,
				A9DEFE842309951300F82CCF /* Resources */,
			);
			buildRules = (
			);
			dependencies = (
			);
			name = JavaSimpleQuiz;
			productName = "Java Simple Quiz";
			productReference = A9DEFE862309951400F82CCF /* JavaSimpleQuiz.app */;
			productType = "com.apple.product-type.application";
		};
		A9DEFE992309951600F82CCF /* JavaSimpleQuizTests */ = {
			isa = PBXNativeTarget;
			buildConfigurationList = A9DEFEB12309951600F82CCF /* Build configuration list for PBXNativeTarget "JavaSimpleQuizTests" */;
			buildPhases = (
				A9DEFE962309951600F82CCF /* Sources */,
				A9DEFE972309951600F82CCF /* Frameworks */,
				A9DEFE982309951600F82CCF /* Resources */,
			);
			buildRules = (
			);
			dependencies = (
				A9DEFE9C2309951600F82CCF /* PBXTargetDependency */,
			);
			name = JavaSimpleQuizTests;
			productName = "Java Simple QuizTests";
			productReference = A9DEFE9A2309951600F82CCF /* JavaSimpleQuizTests.xctest */;
			productType = "com.apple.product-type.bundle.unit-test";
		};
		A9DEFEA42309951600F82CCF /* JavaSimpleQuizUITests */ = {
			isa = PBXNativeTarget;
			buildConfigurationList = A9DEFEB42309951600F82CCF /* Build configuration list for PBXNativeTarget "JavaSimpleQuizUITests" */;
			buildPhases = (
				A9DEFEA12309951600F82CCF /* Sources */,
				A9DEFEA22309951600F82CCF /* Frameworks */,
				A9DEFEA32309951600F82CCF /* Resources */,
			);
			buildRules = (
			);
			dependencies = (
				A9DEFEA72309951600F82CCF /* PBXTargetDependency */,
			);
			name = JavaSimpleQuizUITests;
			productName = "Java Simple QuizUITests";
			productReference = A9DEFEA52309951600F82CCF /* JavaSimpleQuizUITests.xctest */;
			productType = "com.apple.product-type.bundle.ui-testing";
		};
/* End PBXNativeTarget section */

/* Begin PBXProject section */
		A9DEFE7E2309951300F82CCF /* Project object */ = {
			isa = PBXProject;
			attributes = {
				LastSwiftUpdateCheck = 1030;
				LastUpgradeCheck = 1030;
				ORGANIZATIONNAME = Novatics;
				TargetAttributes = {
					A9DEFE852309951300F82CCF = {
						CreatedOnToolsVersion = 10.3;
					};
					A9DEFE992309951600F82CCF = {
						CreatedOnToolsVersion = 10.3;
						TestTargetID = A9DEFE852309951300F82CCF;
					};
					A9DEFEA42309951600F82CCF = {
						CreatedOnToolsVersion = 10.3;
						TestTargetID = A9DEFE852309951300F82CCF;
					};
				};
			};
			buildConfigurationList = A9DEFE812309951300F82CCF /* Build configuration list for PBXProject "JavaSimpleQuiz" */;
			compatibilityVersion = "Xcode 9.3";
			developmentRegion = en;
			hasScannedForEncodings = 0;
			knownRegions = (
				en,
				Base,
			);
			mainGroup = A9DEFE7D2309951300F82CCF;
			productRefGroup = A9DEFE872309951400F82CCF /* Products */;
			projectDirPath = "";
			projectRoot = "";
			targets = (
				A9DEFE852309951300F82CCF /* JavaSimpleQuiz */,
				A9DEFE992309951600F82CCF /* JavaSimpleQuizTests */,
				A9DEFEA42309951600F82CCF /* JavaSimpleQuizUITests */,
			);
		};
/* End PBXProject section */

/* Begin PBXResourcesBuildPhase section */
		A9DEFE842309951300F82CCF /* Resources */ = {
			isa = PBXResourcesBuildPhase;
			buildActionMask = 2147483647;
			files = (
				A9DEFE942309951600F82CCF /* LaunchScreen.storyboard in Resources */,
				A9DEFE912309951600F82CCF /* Assets.xcassets in Resources */,
				A9DEFE8F2309951400F82CCF /* Main.storyboard in Resources */,
			);
			runOnlyForDeploymentPostprocessing = 0;
		};
		A9DEFE982309951600F82CCF /* Resources */ = {
			isa = PBXResourcesBuildPhase;
			buildActionMask = 2147483647;
			files = (
			);
			runOnlyForDeploymentPostprocessing = 0;
		};
		A9DEFEA32309951600F82CCF /* Resources */ = {
			isa = PBXResourcesBuildPhase;
			buildActionMask = 2147483647;
			files = (
			);
			runOnlyForDeploymentPostprocessing = 0;
		};
/* End PBXResourcesBuildPhase section */

/* Begin PBXSourcesBuildPhase section */
		A9DEFE822309951300F82CCF /* Sources */ = {
			isa = PBXSourcesBuildPhase;
			buildActionMask = 2147483647;
			files = (
				A9DEFEE02309A13B00F82CCF /* QuizViewController.swift in Sources */,
				A9DEFE8A2309951400F82CCF /* AppDelegate.swift in Sources */,
				A9DEFEEF2309B6F600F82CCF /* AnswerView.swift in Sources */,
				A9DEFEE12309A13B00F82CCF /* QuizInteractor.swift in Sources */,
				A9DEFEDF2309A13B00F82CCF /* QuizModels.swift in Sources */,
				A9DEFEDD2309A13B00F82CCF /* QuizWorker.swift in Sources */,
				A9DEFEEB2309B0EC00F82CCF /* QuizView.swift in Sources */,
				A9DEFEDE2309A13B00F82CCF /* QuizRouter.swift in Sources */,
				A9DEFEED2309B1BD00F82CCF /* QuestionView.swift in Sources */,
				A9DEFEF12309B83C00F82CCF /* ProgressDisplayView.swift in Sources */,
				A9DEFEDC2309A13B00F82CCF /* QuizPresenter.swift in Sources */,
			);
			runOnlyForDeploymentPostprocessing = 0;
		};
		A9DEFE962309951600F82CCF /* Sources */ = {
			isa = PBXSourcesBuildPhase;
			buildActionMask = 2147483647;
			files = (
			);
			runOnlyForDeploymentPostprocessing = 0;
		};
		A9DEFEA12309951600F82CCF /* Sources */ = {
			isa = PBXSourcesBuildPhase;
			buildActionMask = 2147483647;
			files = (
			);
			runOnlyForDeploymentPostprocessing = 0;
		};
/* End PBXSourcesBuildPhase section */

/* Begin PBXTargetDependency section */
		A9DEFE9C2309951600F82CCF /* PBXTargetDependency */ = {
			isa = PBXTargetDependency;
			target = A9DEFE852309951300F82CCF /* JavaSimpleQuiz */;
			targetProxy = A9DEFE9B2309951600F82CCF /* PBXContainerItemProxy */;
		};
		A9DEFEA72309951600F82CCF /* PBXTargetDependency */ = {
			isa = PBXTargetDependency;
			target = A9DEFE852309951300F82CCF /* JavaSimpleQuiz */;
			targetProxy = A9DEFEA62309951600F82CCF /* PBXContainerItemProxy */;
		};
/* End PBXTargetDependency section */

/* Begin PBXVariantGroup section */
		A9DEFE8D2309951400F82CCF /* Main.storyboard */ = {
			isa = PBXVariantGroup;
			children = (
				A9DEFE8E2309951400F82CCF /* Base */,
			);
			name = Main.storyboard;
			sourceTree = "<group>";
		};
		A9DEFE922309951600F82CCF /* LaunchScreen.storyboard */ = {
			isa = PBXVariantGroup;
			children = (
				A9DEFE932309951600F82CCF /* Base */,
			);
			name = LaunchScreen.storyboard;
			sourceTree = "<group>";
		};
/* End PBXVariantGroup section */

/* Begin XCBuildConfiguration section */
		A9DEFEAC2309951600F82CCF /* Debug */ = {
			isa = XCBuildConfiguration;
			buildSettings = {
				ALWAYS_SEARCH_USER_PATHS = NO;
				CLANG_ANALYZER_NONNULL = YES;
				CLANG_ANALYZER_NUMBER_OBJECT_CONVERSION = YES_AGGRESSIVE;
				CLANG_CXX_LANGUAGE_STANDARD = "gnu++14";
				CLANG_CXX_LIBRARY = "libc++";
				CLANG_ENABLE_MODULES = YES;
				CLANG_ENABLE_OBJC_ARC = YES;
				CLANG_ENABLE_OBJC_WEAK = YES;
				CLANG_WARN_BLOCK_CAPTURE_AUTORELEASING = YES;
				CLANG_WARN_BOOL_CONVERSION = YES;
				CLANG_WARN_COMMA = YES;
				CLANG_WARN_CONSTANT_CONVERSION = YES;
				CLANG_WARN_DEPRECATED_OBJC_IMPLEMENTATIONS = YES;
				CLANG_WARN_DIRECT_OBJC_ISA_USAGE = YES_ERROR;
				CLANG_WARN_DOCUMENTATION_COMMENTS = YES;
				CLANG_WARN_EMPTY_BODY = YES;
				CLANG_WARN_ENUM_CONVERSION = YES;
				CLANG_WARN_INFINITE_RECURSION = YES;
				CLANG_WARN_INT_CONVERSION = YES;
				CLANG_WARN_NON_LITERAL_NULL_CONVERSION = YES;
				CLANG_WARN_OBJC_IMPLICIT_RETAIN_SELF = YES;
				CLANG_WARN_OBJC_LITERAL_CONVERSION = YES;
				CLANG_WARN_OBJC_ROOT_CLASS = YES_ERROR;
				CLANG_WARN_RANGE_LOOP_ANALYSIS = YES;
				CLANG_WARN_STRICT_PROTOTYPES = YES;
				CLANG_WARN_SUSPICIOUS_MOVE = YES;
				CLANG_WARN_UNGUARDED_AVAILABILITY = YES_AGGRESSIVE;
				CLANG_WARN_UNREACHABLE_CODE = YES;
				CLANG_WARN__DUPLICATE_METHOD_MATCH = YES;
				CODE_SIGN_IDENTITY = "iPhone Developer";
				COPY_PHASE_STRIP = NO;
				DEBUG_INFORMATION_FORMAT = dwarf;
				ENABLE_STRICT_OBJC_MSGSEND = YES;
				ENABLE_TESTABILITY = YES;
				GCC_C_LANGUAGE_STANDARD = gnu11;
				GCC_DYNAMIC_NO_PIC = NO;
				GCC_NO_COMMON_BLOCKS = YES;
				GCC_OPTIMIZATION_LEVEL = 0;
				GCC_PREPROCESSOR_DEFINITIONS = (
					"DEBUG=1",
					"$(inherited)",
				);
				GCC_WARN_64_TO_32_BIT_CONVERSION = YES;
				GCC_WARN_ABOUT_RETURN_TYPE = YES_ERROR;
				GCC_WARN_UNDECLARED_SELECTOR = YES;
				GCC_WARN_UNINITIALIZED_AUTOS = YES_AGGRESSIVE;
				GCC_WARN_UNUSED_FUNCTION = YES;
				GCC_WARN_UNUSED_VARIABLE = YES;
				IPHONEOS_DEPLOYMENT_TARGET = 12.4;
				MTL_ENABLE_DEBUG_INFO = INCLUDE_SOURCE;
				MTL_FAST_MATH = YES;
				ONLY_ACTIVE_ARCH = YES;
				SDKROOT = iphoneos;
				SWIFT_ACTIVE_COMPILATION_CONDITIONS = DEBUG;
				SWIFT_OPTIMIZATION_LEVEL = "-Onone";
			};
			name = Debug;
		};
		A9DEFEAD2309951600F82CCF /* Release */ = {
			isa = XCBuildConfiguration;
			buildSettings = {
				ALWAYS_SEARCH_USER_PATHS = NO;
				CLANG_ANALYZER_NONNULL = YES;
				CLANG_ANALYZER_NUMBER_OBJECT_CONVERSION = YES_AGGRESSIVE;
				CLANG_CXX_LANGUAGE_STANDARD = "gnu++14";
				CLANG_CXX_LIBRARY = "libc++";
				CLANG_ENABLE_MODULES = YES;
				CLANG_ENABLE_OBJC_ARC = YES;
				CLANG_ENABLE_OBJC_WEAK = YES;
				CLANG_WARN_BLOCK_CAPTURE_AUTORELEASING = YES;
				CLANG_WARN_BOOL_CONVERSION = YES;
				CLANG_WARN_COMMA = YES;
				CLANG_WARN_CONSTANT_CONVERSION = YES;
				CLANG_WARN_DEPRECATED_OBJC_IMPLEMENTATIONS = YES;
				CLANG_WARN_DIRECT_OBJC_ISA_USAGE = YES_ERROR;
				CLANG_WARN_DOCUMENTATION_COMMENTS = YES;
				CLANG_WARN_EMPTY_BODY = YES;
				CLANG_WARN_ENUM_CONVERSION = YES;
				CLANG_WARN_INFINITE_RECURSION = YES;
				CLANG_WARN_INT_CONVERSION = YES;
				CLANG_WARN_NON_LITERAL_NULL_CONVERSION = YES;
				CLANG_WARN_OBJC_IMPLICIT_RETAIN_SELF = YES;
				CLANG_WARN_OBJC_LITERAL_CONVERSION = YES;
				CLANG_WARN_OBJC_ROOT_CLASS = YES_ERROR;
				CLANG_WARN_RANGE_LOOP_ANALYSIS = YES;
				CLANG_WARN_STRICT_PROTOTYPES = YES;
				CLANG_WARN_SUSPICIOUS_MOVE = YES;
				CLANG_WARN_UNGUARDED_AVAILABILITY = YES_AGGRESSIVE;
				CLANG_WARN_UNREACHABLE_CODE = YES;
				CLANG_WARN__DUPLICATE_METHOD_MATCH = YES;
				CODE_SIGN_IDENTITY = "iPhone Developer";
				COPY_PHASE_STRIP = NO;
				DEBUG_INFORMATION_FORMAT = "dwarf-with-dsym";
				ENABLE_NS_ASSERTIONS = NO;
				ENABLE_STRICT_OBJC_MSGSEND = YES;
				GCC_C_LANGUAGE_STANDARD = gnu11;
				GCC_NO_COMMON_BLOCKS = YES;
				GCC_WARN_64_TO_32_BIT_CONVERSION = YES;
				GCC_WARN_ABOUT_RETURN_TYPE = YES_ERROR;
				GCC_WARN_UNDECLARED_SELECTOR = YES;
				GCC_WARN_UNINITIALIZED_AUTOS = YES_AGGRESSIVE;
				GCC_WARN_UNUSED_FUNCTION = YES;
				GCC_WARN_UNUSED_VARIABLE = YES;
				IPHONEOS_DEPLOYMENT_TARGET = 12.4;
				MTL_ENABLE_DEBUG_INFO = NO;
				MTL_FAST_MATH = YES;
				SDKROOT = iphoneos;
				SWIFT_COMPILATION_MODE = wholemodule;
				SWIFT_OPTIMIZATION_LEVEL = "-O";
				VALIDATE_PRODUCT = YES;
			};
			name = Release;
		};
		A9DEFEAF2309951600F82CCF /* Debug */ = {
			isa = XCBuildConfiguration;
			buildSettings = {
				ASSETCATALOG_COMPILER_APPICON_NAME = AppIcon;
				CODE_SIGN_STYLE = Automatic;
				INFOPLIST_FILE = "$(SRCROOT)/JavaSimpleQuiz/Info.plist";
				LD_RUNPATH_SEARCH_PATHS = (
					"$(inherited)",
					"@executable_path/Frameworks",
				);
				PRODUCT_BUNDLE_IDENTIFIER = br.com.eduardovital.JavaSimpleQuiz;
				PRODUCT_NAME = "$(TARGET_NAME)";
				SWIFT_VERSION = 5.0;
				TARGETED_DEVICE_FAMILY = "1,2";
			};
			name = Debug;
		};
		A9DEFEB02309951600F82CCF /* Release */ = {
			isa = XCBuildConfiguration;
			buildSettings = {
				ASSETCATALOG_COMPILER_APPICON_NAME = AppIcon;
				CODE_SIGN_STYLE = Automatic;
				INFOPLIST_FILE = "$(SRCROOT)/JavaSimpleQuiz/Info.plist";
				LD_RUNPATH_SEARCH_PATHS = (
					"$(inherited)",
					"@executable_path/Frameworks",
				);
				PRODUCT_BUNDLE_IDENTIFIER = br.com.eduardovital.JavaSimpleQuiz;
				PRODUCT_NAME = "$(TARGET_NAME)";
				SWIFT_VERSION = 5.0;
				TARGETED_DEVICE_FAMILY = "1,2";
			};
			name = Release;
		};
		A9DEFEB22309951600F82CCF /* Debug */ = {
			isa = XCBuildConfiguration;
			buildSettings = {
				ALWAYS_EMBED_SWIFT_STANDARD_LIBRARIES = YES;
				BUNDLE_LOADER = "$(TEST_HOST)";
				CODE_SIGN_STYLE = Automatic;
				INFOPLIST_FILE = "Java Simple QuizTests/Info.plist";
				LD_RUNPATH_SEARCH_PATHS = (
					"$(inherited)",
					"@executable_path/Frameworks",
					"@loader_path/Frameworks",
				);
				PRODUCT_BUNDLE_IDENTIFIER = "br.com.eduardovital.Java-Simple-QuizTests";
				PRODUCT_NAME = "$(TARGET_NAME)";
				SWIFT_VERSION = 5.0;
				TARGETED_DEVICE_FAMILY = "1,2";
				TEST_HOST = "$(BUILT_PRODUCTS_DIR)/JavaSimpleQuiz.app/JavaSimpleQuiz";
			};
			name = Debug;
		};
		A9DEFEB32309951600F82CCF /* Release */ = {
			isa = XCBuildConfiguration;
			buildSettings = {
				ALWAYS_EMBED_SWIFT_STANDARD_LIBRARIES = YES;
				BUNDLE_LOADER = "$(TEST_HOST)";
				CODE_SIGN_STYLE = Automatic;
				INFOPLIST_FILE = "Java Simple QuizTests/Info.plist";
				LD_RUNPATH_SEARCH_PATHS = (
					"$(inherited)",
					"@executable_path/Frameworks",
					"@loader_path/Frameworks",
				);
				PRODUCT_BUNDLE_IDENTIFIER = "br.com.eduardovital.Java-Simple-QuizTests";
				PRODUCT_NAME = "$(TARGET_NAME)";
				SWIFT_VERSION = 5.0;
				TARGETED_DEVICE_FAMILY = "1,2";
				TEST_HOST = "$(BUILT_PRODUCTS_DIR)/JavaSimpleQuiz.app/JavaSimpleQuiz";
			};
			name = Release;
		};
		A9DEFEB52309951600F82CCF /* Debug */ = {
			isa = XCBuildConfiguration;
			buildSettings = {
				ALWAYS_EMBED_SWIFT_STANDARD_LIBRARIES = YES;
				CODE_SIGN_STYLE = Automatic;
				INFOPLIST_FILE = "Java Simple QuizUITests/Info.plist";
				LD_RUNPATH_SEARCH_PATHS = (
					"$(inherited)",
					"@executable_path/Frameworks",
					"@loader_path/Frameworks",
				);
				PRODUCT_BUNDLE_IDENTIFIER = "br.com.eduardovital.Java-Simple-QuizUITests";
				PRODUCT_NAME = "$(TARGET_NAME)";
				SWIFT_VERSION = 5.0;
				TARGETED_DEVICE_FAMILY = "1,2";
				TEST_TARGET_NAME = "Java Simple Quiz";
			};
			name = Debug;
		};
		A9DEFEB62309951600F82CCF /* Release */ = {
			isa = XCBuildConfiguration;
			buildSettings = {
				ALWAYS_EMBED_SWIFT_STANDARD_LIBRARIES = YES;
				CODE_SIGN_STYLE = Automatic;
				INFOPLIST_FILE = "Java Simple QuizUITests/Info.plist";
				LD_RUNPATH_SEARCH_PATHS = (
					"$(inherited)",
					"@executable_path/Frameworks",
					"@loader_path/Frameworks",
				);
				PRODUCT_BUNDLE_IDENTIFIER = "br.com.eduardovital.Java-Simple-QuizUITests";
				PRODUCT_NAME = "$(TARGET_NAME)";
				SWIFT_VERSION = 5.0;
				TARGETED_DEVICE_FAMILY = "1,2";
				TEST_TARGET_NAME = "Java Simple Quiz";
			};
			name = Release;
		};
/* End XCBuildConfiguration section */

/* Begin XCConfigurationList section */
		A9DEFE812309951300F82CCF /* Build configuration list for PBXProject "JavaSimpleQuiz" */ = {
			isa = XCConfigurationList;
			buildConfigurations = (
				A9DEFEAC2309951600F82CCF /* Debug */,
				A9DEFEAD2309951600F82CCF /* Release */,
			);
			defaultConfigurationIsVisible = 0;
			defaultConfigurationName = Release;
		};
		A9DEFEAE2309951600F82CCF /* Build configuration list for PBXNativeTarget "JavaSimpleQuiz" */ = {
			isa = XCConfigurationList;
			buildConfigurations = (
				A9DEFEAF2309951600F82CCF /* Debug */,
				A9DEFEB02309951600F82CCF /* Release */,
			);
			defaultConfigurationIsVisible = 0;
			defaultConfigurationName = Release;
		};
		A9DEFEB12309951600F82CCF /* Build configuration list for PBXNativeTarget "JavaSimpleQuizTests" */ = {
			isa = XCConfigurationList;
			buildConfigurations = (
				A9DEFEB22309951600F82CCF /* Debug */,
				A9DEFEB32309951600F82CCF /* Release */,
			);
			defaultConfigurationIsVisible = 0;
			defaultConfigurationName = Release;
		};
		A9DEFEB42309951600F82CCF /* Build configuration list for PBXNativeTarget "JavaSimpleQuizUITests" */ = {
			isa = XCConfigurationList;
			buildConfigurations = (
				A9DEFEB52309951600F82CCF /* Debug */,
				A9DEFEB62309951600F82CCF /* Release */,
			);
			defaultConfigurationIsVisible = 0;
			defaultConfigurationName = Release;
		};
/* End XCConfigurationList section */
	};
	rootObject = A9DEFE7E2309951300F82CCF /* Project object */;
}
